
Microsoft Visual Studio Solution File, Format Version 12.00
# Visual Studio Version 16
VisualStudioVersion = 16.0.29905.134
MinimumVisualStudioVersion = 10.0.40219.1
Project("{FAE04EC0-301F-11D3-BF4B-00C04F79EFBC}") = "S7.CAP91_Demonstracao_TimeSpan", "S7.CAP91_Demonstracao_TimeSpan\S7.CAP91_Demonstracao_TimeSpan.csproj", "{8D8DC378-F5DE-4626-99B9-B61F64854EC8}"
EndProject
Global
	GlobalSection(SolutionConfigurationPlatforms) = preSolution
		Debug|Any CPU = Debug|Any CPU
		Release|Any CPU = Release|Any CPU
	EndGlobalSection
	GlobalSection(ProjectConfigurationPlatforms) = postSolution
		{8D8DC378-F5DE-4626-99B9-B61F64854EC8}.Debug|Any CPU.ActiveCfg = Debug|Any CPU
		{8D8DC378-F5DE-4626-99B9-B61F64854EC8}.Debug|Any CPU.Build.0 = Debug|Any CPU
		{8D8DC378-F5DE-4626-99B9-B61F64854EC8}.Release|Any CPU.ActiveCfg = Release|Any CPU
		{8D8DC378-F5DE-4626-99B9-B61F64854EC8}.Release|Any CPU.Build.0 = Release|Any CPU
	EndGlobalSection
	GlobalSection(SolutionProperties) = preSolution
		HideSolutionNode = FALSE
	EndGlobalSection
	GlobalSection(ExtensibilityGlobals) = postSolution
		SolutionGuid = {CB033210-AE8F-4AA9-B66C-395F38FFDA22}
	EndGlobalSection
EndGlobal
