
Microsoft Visual Studio Solution File, Format Version 12.00
# Visual Studio Version 16
VisualStudioVersion = 16.0.29905.134
MinimumVisualStudioVersion = 10.0.40219.1
Project("{FAE04EC0-301F-11D3-BF4B-00C04F79EFBC}") = "S3.CAP33_Exercicios_propostos_3", "S3.CAP33_Exercicios_propostos_3\S3.CAP33_Exercicios_propostos_3.csproj", "{35E533D3-2BD3-4338-82B8-02326FDCDCD9}"
EndProject
Global
	GlobalSection(SolutionConfigurationPlatforms) = preSolution
		Debug|Any CPU = Debug|Any CPU
		Release|Any CPU = Release|Any CPU
	EndGlobalSection
	GlobalSection(ProjectConfigurationPlatforms) = postSolution
		{35E533D3-2BD3-4338-82B8-02326FDCDCD9}.Debug|Any CPU.ActiveCfg = Debug|Any CPU
		{35E533D3-2BD3-4338-82B8-02326FDCDCD9}.Debug|Any CPU.Build.0 = Debug|Any CPU
		{35E533D3-2BD3-4338-82B8-02326FDCDCD9}.Release|Any CPU.ActiveCfg = Release|Any CPU
		{35E533D3-2BD3-4338-82B8-02326FDCDCD9}.Release|Any CPU.Build.0 = Release|Any CPU
	EndGlobalSection
	GlobalSection(SolutionProperties) = preSolution
		HideSolutionNode = FALSE
	EndGlobalSection
	GlobalSection(ExtensibilityGlobals) = postSolution
		SolutionGuid = {3BCBBEA4-39F5-43DB-855D-993BD1080549}
	EndGlobalSection
EndGlobal
