
Microsoft Visual Studio Solution File, Format Version 12.00
# Visual Studio Version 16
VisualStudioVersion = 16.0.29905.134
MinimumVisualStudioVersion = 10.0.40219.1
Project("{FAE04EC0-301F-11D3-BF4B-00C04F79EFBC}") = "S14.CAP197_Solucao_com_interface", "S14.CAP197_Solucao_com_interface\S14.CAP197_Solucao_com_interface.csproj", "{16B5C347-F1BC-4D78-96D9-664F72D5091F}"
EndProject
Global
	GlobalSection(SolutionConfigurationPlatforms) = preSolution
		Debug|Any CPU = Debug|Any CPU
		Release|Any CPU = Release|Any CPU
	EndGlobalSection
	GlobalSection(ProjectConfigurationPlatforms) = postSolution
		{16B5C347-F1BC-4D78-96D9-664F72D5091F}.Debug|Any CPU.ActiveCfg = Debug|Any CPU
		{16B5C347-F1BC-4D78-96D9-664F72D5091F}.Debug|Any CPU.Build.0 = Debug|Any CPU
		{16B5C347-F1BC-4D78-96D9-664F72D5091F}.Release|Any CPU.ActiveCfg = Release|Any CPU
		{16B5C347-F1BC-4D78-96D9-664F72D5091F}.Release|Any CPU.Build.0 = Release|Any CPU
	EndGlobalSection
	GlobalSection(SolutionProperties) = preSolution
		HideSolutionNode = FALSE
	EndGlobalSection
	GlobalSection(ExtensibilityGlobals) = postSolution
		SolutionGuid = {E7CDB172-C0A8-410E-BB60-89D8D08E6E05}
	EndGlobalSection
EndGlobal
