
Microsoft Visual Studio Solution File, Format Version 12.00
# Visual Studio Version 16
VisualStudioVersion = 16.0.29905.134
MinimumVisualStudioVersion = 10.0.40219.1
Project("{FAE04EC0-301F-11D3-BF4B-00C04F79EFBC}") = "S4.CAP42_Problema_exemplo4", "S4.CAP42_Problema_exemplo4\S4.CAP42_Problema_exemplo4.csproj", "{211FBB91-DBB1-42E4-9E90-35B4D35FAFD8}"
EndProject
Global
	GlobalSection(SolutionConfigurationPlatforms) = preSolution
		Debug|Any CPU = Debug|Any CPU
		Release|Any CPU = Release|Any CPU
	EndGlobalSection
	GlobalSection(ProjectConfigurationPlatforms) = postSolution
		{211FBB91-DBB1-42E4-9E90-35B4D35FAFD8}.Debug|Any CPU.ActiveCfg = Debug|Any CPU
		{211FBB91-DBB1-42E4-9E90-35B4D35FAFD8}.Debug|Any CPU.Build.0 = Debug|Any CPU
		{211FBB91-DBB1-42E4-9E90-35B4D35FAFD8}.Release|Any CPU.ActiveCfg = Release|Any CPU
		{211FBB91-DBB1-42E4-9E90-35B4D35FAFD8}.Release|Any CPU.Build.0 = Release|Any CPU
	EndGlobalSection
	GlobalSection(SolutionProperties) = preSolution
		HideSolutionNode = FALSE
	EndGlobalSection
	GlobalSection(ExtensibilityGlobals) = postSolution
		SolutionGuid = {66F8C3BB-1A5E-4A83-916A-204B593E0CCC}
	EndGlobalSection
EndGlobal
