
Microsoft Visual Studio Solution File, Format Version 12.00
# Visual Studio Version 16
VisualStudioVersion = 16.0.29905.134
MinimumVisualStudioVersion = 10.0.40219.1
Project("{FAE04EC0-301F-11D3-BF4B-00C04F79EFBC}") = "S11.CAP146_Exercicios_propostos", "S11.CAP146_Exercicios_propostos\S11.CAP146_Exercicios_propostos.csproj", "{576ECE4B-ECC1-4E35-B5BC-4E2F2C638384}"
EndProject
Global
	GlobalSection(SolutionConfigurationPlatforms) = preSolution
		Debug|Any CPU = Debug|Any CPU
		Release|Any CPU = Release|Any CPU
	EndGlobalSection
	GlobalSection(ProjectConfigurationPlatforms) = postSolution
		{576ECE4B-ECC1-4E35-B5BC-4E2F2C638384}.Debug|Any CPU.ActiveCfg = Debug|Any CPU
		{576ECE4B-ECC1-4E35-B5BC-4E2F2C638384}.Debug|Any CPU.Build.0 = Debug|Any CPU
		{576ECE4B-ECC1-4E35-B5BC-4E2F2C638384}.Release|Any CPU.ActiveCfg = Release|Any CPU
		{576ECE4B-ECC1-4E35-B5BC-4E2F2C638384}.Release|Any CPU.Build.0 = Release|Any CPU
	EndGlobalSection
	GlobalSection(SolutionProperties) = preSolution
		HideSolutionNode = FALSE
	EndGlobalSection
	GlobalSection(ExtensibilityGlobals) = postSolution
		SolutionGuid = {6EADBECB-0B51-450B-BE07-151CBA0E9FA9}
	EndGlobalSection
EndGlobal
