
Microsoft Visual Studio Solution File, Format Version 12.00
# Visual Studio Version 16
VisualStudioVersion = 16.0.29905.134
MinimumVisualStudioVersion = 10.0.40219.1
Project("{FAE04EC0-301F-11D3-BF4B-00C04F79EFBC}") = "S4.CAP39_Problema_Exemplo2", "S4.CAP39_Problema_Exemplo2\S4.CAP39_Problema_Exemplo2.csproj", "{77F209B4-B6CC-4A6A-8E03-C76D4451EE86}"
EndProject
Global
	GlobalSection(SolutionConfigurationPlatforms) = preSolution
		Debug|Any CPU = Debug|Any CPU
		Release|Any CPU = Release|Any CPU
	EndGlobalSection
	GlobalSection(ProjectConfigurationPlatforms) = postSolution
		{77F209B4-B6CC-4A6A-8E03-C76D4451EE86}.Debug|Any CPU.ActiveCfg = Debug|Any CPU
		{77F209B4-B6CC-4A6A-8E03-C76D4451EE86}.Debug|Any CPU.Build.0 = Debug|Any CPU
		{77F209B4-B6CC-4A6A-8E03-C76D4451EE86}.Release|Any CPU.ActiveCfg = Release|Any CPU
		{77F209B4-B6CC-4A6A-8E03-C76D4451EE86}.Release|Any CPU.Build.0 = Release|Any CPU
	EndGlobalSection
	GlobalSection(SolutionProperties) = preSolution
		HideSolutionNode = FALSE
	EndGlobalSection
	GlobalSection(ExtensibilityGlobals) = postSolution
		SolutionGuid = {3907DC4D-E6D2-4770-B520-81EC08298479}
	EndGlobalSection
EndGlobal
