
Microsoft Visual Studio Solution File, Format Version 12.00
# Visual Studio Version 16
VisualStudioVersion = 16.0.29905.134
MinimumVisualStudioVersion = 10.0.40219.1
Project("{FAE04EC0-301F-11D3-BF4B-00C04F79EFBC}") = "S3.Demonstracao_Operadores_aritmeticos", "S3.Demonstracao_Operadores_aritmeticos\S3.Demonstracao_Operadores_aritmeticos.csproj", "{084056D5-88FE-41DE-8EFE-DCD113FF0FA1}"
EndProject
Global
	GlobalSection(SolutionConfigurationPlatforms) = preSolution
		Debug|Any CPU = Debug|Any CPU
		Release|Any CPU = Release|Any CPU
	EndGlobalSection
	GlobalSection(ProjectConfigurationPlatforms) = postSolution
		{084056D5-88FE-41DE-8EFE-DCD113FF0FA1}.Debug|Any CPU.ActiveCfg = Debug|Any CPU
		{084056D5-88FE-41DE-8EFE-DCD113FF0FA1}.Debug|Any CPU.Build.0 = Debug|Any CPU
		{084056D5-88FE-41DE-8EFE-DCD113FF0FA1}.Release|Any CPU.ActiveCfg = Release|Any CPU
		{084056D5-88FE-41DE-8EFE-DCD113FF0FA1}.Release|Any CPU.Build.0 = Release|Any CPU
	EndGlobalSection
	GlobalSection(SolutionProperties) = preSolution
		HideSolutionNode = FALSE
	EndGlobalSection
	GlobalSection(ExtensibilityGlobals) = postSolution
		SolutionGuid = {400AC43B-E7AD-4378-8A2A-B48C13C333C8}
	EndGlobalSection
EndGlobal
