
Microsoft Visual Studio Solution File, Format Version 12.00
# Visual Studio Version 16
VisualStudioVersion = 16.0.29905.134
MinimumVisualStudioVersion = 10.0.40219.1
Project("{FAE04EC0-301F-11D3-BF4B-00C04F79EFBC}") = "S6.CAP68_Demonstracao_nullable", "S6.CAP68_Demonstracao_nullable\S6.CAP68_Demonstracao_nullable.csproj", "{7710BFB6-21D8-44D7-BACB-23ED5CABF361}"
EndProject
Global
	GlobalSection(SolutionConfigurationPlatforms) = preSolution
		Debug|Any CPU = Debug|Any CPU
		Release|Any CPU = Release|Any CPU
	EndGlobalSection
	GlobalSection(ProjectConfigurationPlatforms) = postSolution
		{7710BFB6-21D8-44D7-BACB-23ED5CABF361}.Debug|Any CPU.ActiveCfg = Debug|Any CPU
		{7710BFB6-21D8-44D7-BACB-23ED5CABF361}.Debug|Any CPU.Build.0 = Debug|Any CPU
		{7710BFB6-21D8-44D7-BACB-23ED5CABF361}.Release|Any CPU.ActiveCfg = Release|Any CPU
		{7710BFB6-21D8-44D7-BACB-23ED5CABF361}.Release|Any CPU.Build.0 = Release|Any CPU
	EndGlobalSection
	GlobalSection(SolutionProperties) = preSolution
		HideSolutionNode = FALSE
	EndGlobalSection
	GlobalSection(ExtensibilityGlobals) = postSolution
		SolutionGuid = {4B498CFA-CB17-4127-9E35-CF4216B53067}
	EndGlobalSection
EndGlobal
