
Microsoft Visual Studio Solution File, Format Version 12.00
# Visual Studio Version 16
VisualStudioVersion = 16.0.29905.134
MinimumVisualStudioVersion = 10.0.40219.1
Project("{FAE04EC0-301F-11D3-BF4B-00C04F79EFBC}") = "S11.CAP141_Demonstracao_bloco_finally", "S11.CAP141_Demonstracao_bloco_finally\S11.CAP141_Demonstracao_bloco_finally.csproj", "{7AF09FA1-21DC-41D6-B8A9-6ABB5E93CB8E}"
EndProject
Global
	GlobalSection(SolutionConfigurationPlatforms) = preSolution
		Debug|Any CPU = Debug|Any CPU
		Release|Any CPU = Release|Any CPU
	EndGlobalSection
	GlobalSection(ProjectConfigurationPlatforms) = postSolution
		{7AF09FA1-21DC-41D6-B8A9-6ABB5E93CB8E}.Debug|Any CPU.ActiveCfg = Debug|Any CPU
		{7AF09FA1-21DC-41D6-B8A9-6ABB5E93CB8E}.Debug|Any CPU.Build.0 = Debug|Any CPU
		{7AF09FA1-21DC-41D6-B8A9-6ABB5E93CB8E}.Release|Any CPU.ActiveCfg = Release|Any CPU
		{7AF09FA1-21DC-41D6-B8A9-6ABB5E93CB8E}.Release|Any CPU.Build.0 = Release|Any CPU
	EndGlobalSection
	GlobalSection(SolutionProperties) = preSolution
		HideSolutionNode = FALSE
	EndGlobalSection
	GlobalSection(ExtensibilityGlobals) = postSolution
		SolutionGuid = {DA09E87C-05BD-49D5-9A4C-3C802D9689C7}
	EndGlobalSection
EndGlobal
