
Microsoft Visual Studio Solution File, Format Version 12.00
# Visual Studio Version 16
VisualStudioVersion = 16.0.29905.134
MinimumVisualStudioVersion = 10.0.40219.1
Project("{FAE04EC0-301F-11D3-BF4B-00C04F79EFBC}") = "S4.CAP41_Problema_exemplo3", "S4.CAP41_Problema_exemplo3\S4.CAP41_Problema_exemplo3.csproj", "{201BA2C3-900C-407C-A6E0-F82B8F80C584}"
EndProject
Global
	GlobalSection(SolutionConfigurationPlatforms) = preSolution
		Debug|Any CPU = Debug|Any CPU
		Release|Any CPU = Release|Any CPU
	EndGlobalSection
	GlobalSection(ProjectConfigurationPlatforms) = postSolution
		{201BA2C3-900C-407C-A6E0-F82B8F80C584}.Debug|Any CPU.ActiveCfg = Debug|Any CPU
		{201BA2C3-900C-407C-A6E0-F82B8F80C584}.Debug|Any CPU.Build.0 = Debug|Any CPU
		{201BA2C3-900C-407C-A6E0-F82B8F80C584}.Release|Any CPU.ActiveCfg = Release|Any CPU
		{201BA2C3-900C-407C-A6E0-F82B8F80C584}.Release|Any CPU.Build.0 = Release|Any CPU
	EndGlobalSection
	GlobalSection(SolutionProperties) = preSolution
		HideSolutionNode = FALSE
	EndGlobalSection
	GlobalSection(ExtensibilityGlobals) = postSolution
		SolutionGuid = {409A7E78-7349-4A38-9581-4A2F3B2F135F}
	EndGlobalSection
EndGlobal
