
Microsoft Visual Studio Solution File, Format Version 12.00
# Visual Studio Version 16
VisualStudioVersion = 16.0.29905.134
MinimumVisualStudioVersion = 10.0.40219.1
Project("{FAE04EC0-301F-11D3-BF4B-00C04F79EFBC}") = "S4.CAP45_Exercicios_propostos1", "S4.CAP45_Exercicios_propostos1\S4.CAP45_Exercicios_propostos1.csproj", "{EAC948E0-6A78-4F16-A515-1EE960D6EA0B}"
EndProject
Global
	GlobalSection(SolutionConfigurationPlatforms) = preSolution
		Debug|Any CPU = Debug|Any CPU
		Release|Any CPU = Release|Any CPU
	EndGlobalSection
	GlobalSection(ProjectConfigurationPlatforms) = postSolution
		{EAC948E0-6A78-4F16-A515-1EE960D6EA0B}.Debug|Any CPU.ActiveCfg = Debug|Any CPU
		{EAC948E0-6A78-4F16-A515-1EE960D6EA0B}.Debug|Any CPU.Build.0 = Debug|Any CPU
		{EAC948E0-6A78-4F16-A515-1EE960D6EA0B}.Release|Any CPU.ActiveCfg = Release|Any CPU
		{EAC948E0-6A78-4F16-A515-1EE960D6EA0B}.Release|Any CPU.Build.0 = Release|Any CPU
	EndGlobalSection
	GlobalSection(SolutionProperties) = preSolution
		HideSolutionNode = FALSE
	EndGlobalSection
	GlobalSection(ExtensibilityGlobals) = postSolution
		SolutionGuid = {01617300-4BB3-4495-BDBC-A389EC2106BB}
	EndGlobalSection
EndGlobal
