
Microsoft Visual Studio Solution File, Format Version 12.00
# Visual Studio Version 16
VisualStudioVersion = 16.0.29905.134
MinimumVisualStudioVersion = 10.0.40219.1
Project("{FAE04EC0-301F-11D3-BF4B-00C04F79EFBC}") = "S6.CAP77_Demonstracao_list1", "S6.CAP77_Demonstracao_list1\S6.CAP77_Demonstracao_list1.csproj", "{6B0B7A7E-BA45-4E51-A6CA-9970B28CE81B}"
EndProject
Global
	GlobalSection(SolutionConfigurationPlatforms) = preSolution
		Debug|Any CPU = Debug|Any CPU
		Release|Any CPU = Release|Any CPU
	EndGlobalSection
	GlobalSection(ProjectConfigurationPlatforms) = postSolution
		{6B0B7A7E-BA45-4E51-A6CA-9970B28CE81B}.Debug|Any CPU.ActiveCfg = Debug|Any CPU
		{6B0B7A7E-BA45-4E51-A6CA-9970B28CE81B}.Debug|Any CPU.Build.0 = Debug|Any CPU
		{6B0B7A7E-BA45-4E51-A6CA-9970B28CE81B}.Release|Any CPU.ActiveCfg = Release|Any CPU
		{6B0B7A7E-BA45-4E51-A6CA-9970B28CE81B}.Release|Any CPU.Build.0 = Release|Any CPU
	EndGlobalSection
	GlobalSection(SolutionProperties) = preSolution
		HideSolutionNode = FALSE
	EndGlobalSection
	GlobalSection(ExtensibilityGlobals) = postSolution
		SolutionGuid = {45DC2FBC-DD90-4CBE-A446-B496602CC20C}
	EndGlobalSection
EndGlobal
