
Microsoft Visual Studio Solution File, Format Version 12.00
# Visual Studio Version 16
VisualStudioVersion = 16.0.29905.134
MinimumVisualStudioVersion = 10.0.40219.1
Project("{FAE04EC0-301F-11D3-BF4B-00C04F79EFBC}") = "S7.CAP92_Demonstracao_operacao_datetime", "S7.CAP92_Demonstracao_operacao_datetime\S7.CAP92_Demonstracao_operacao_datetime.csproj", "{5E8FA789-D25E-4312-8D2C-3974A0738991}"
EndProject
Global
	GlobalSection(SolutionConfigurationPlatforms) = preSolution
		Debug|Any CPU = Debug|Any CPU
		Release|Any CPU = Release|Any CPU
	EndGlobalSection
	GlobalSection(ProjectConfigurationPlatforms) = postSolution
		{5E8FA789-D25E-4312-8D2C-3974A0738991}.Debug|Any CPU.ActiveCfg = Debug|Any CPU
		{5E8FA789-D25E-4312-8D2C-3974A0738991}.Debug|Any CPU.Build.0 = Debug|Any CPU
		{5E8FA789-D25E-4312-8D2C-3974A0738991}.Release|Any CPU.ActiveCfg = Release|Any CPU
		{5E8FA789-D25E-4312-8D2C-3974A0738991}.Release|Any CPU.Build.0 = Release|Any CPU
	EndGlobalSection
	GlobalSection(SolutionProperties) = preSolution
		HideSolutionNode = FALSE
	EndGlobalSection
	GlobalSection(ExtensibilityGlobals) = postSolution
		SolutionGuid = {48450C6A-9142-4E0E-95BC-1963E212E982}
	EndGlobalSection
EndGlobal
