
Microsoft Visual Studio Solution File, Format Version 12.00
# Visual Studio Version 16
VisualStudioVersion = 16.0.29905.134
MinimumVisualStudioVersion = 10.0.40219.1
Project("{FAE04EC0-301F-11D3-BF4B-00C04F79EFBC}") = "S10.CAP136_Exercicio_proposto_metodos_abstratos", "S10.CAP136_Exercicio_proposto_metodos_abstratos\S10.CAP136_Exercicio_proposto_metodos_abstratos.csproj", "{12CC7E87-3CAF-46E7-BE0E-C7D56A1E7C09}"
EndProject
Global
	GlobalSection(SolutionConfigurationPlatforms) = preSolution
		Debug|Any CPU = Debug|Any CPU
		Release|Any CPU = Release|Any CPU
	EndGlobalSection
	GlobalSection(ProjectConfigurationPlatforms) = postSolution
		{12CC7E87-3CAF-46E7-BE0E-C7D56A1E7C09}.Debug|Any CPU.ActiveCfg = Debug|Any CPU
		{12CC7E87-3CAF-46E7-BE0E-C7D56A1E7C09}.Debug|Any CPU.Build.0 = Debug|Any CPU
		{12CC7E87-3CAF-46E7-BE0E-C7D56A1E7C09}.Release|Any CPU.ActiveCfg = Release|Any CPU
		{12CC7E87-3CAF-46E7-BE0E-C7D56A1E7C09}.Release|Any CPU.Build.0 = Release|Any CPU
	EndGlobalSection
	GlobalSection(SolutionProperties) = preSolution
		HideSolutionNode = FALSE
	EndGlobalSection
	GlobalSection(ExtensibilityGlobals) = postSolution
		SolutionGuid = {2A6078D1-6D09-43FE-BF4B-75AE227DFB4A}
	EndGlobalSection
EndGlobal
