
Microsoft Visual Studio Solution File, Format Version 12.00
# Visual Studio Version 16
VisualStudioVersion = 16.0.29905.134
MinimumVisualStudioVersion = 10.0.40219.1
Project("{FAE04EC0-301F-11D3-BF4B-00C04F79EFBC}") = "S3.While", "S3.While\S3.While.csproj", "{01991B65-3255-4009-806C-18BF0931CF05}"
EndProject
Global
	GlobalSection(SolutionConfigurationPlatforms) = preSolution
		Debug|Any CPU = Debug|Any CPU
		Release|Any CPU = Release|Any CPU
	EndGlobalSection
	GlobalSection(ProjectConfigurationPlatforms) = postSolution
		{01991B65-3255-4009-806C-18BF0931CF05}.Debug|Any CPU.ActiveCfg = Debug|Any CPU
		{01991B65-3255-4009-806C-18BF0931CF05}.Debug|Any CPU.Build.0 = Debug|Any CPU
		{01991B65-3255-4009-806C-18BF0931CF05}.Release|Any CPU.ActiveCfg = Release|Any CPU
		{01991B65-3255-4009-806C-18BF0931CF05}.Release|Any CPU.Build.0 = Release|Any CPU
	EndGlobalSection
	GlobalSection(SolutionProperties) = preSolution
		HideSolutionNode = FALSE
	EndGlobalSection
	GlobalSection(ExtensibilityGlobals) = postSolution
		SolutionGuid = {073BB81F-BB48-4561-A7D8-12B92B07EEB3}
	EndGlobalSection
EndGlobal
