
Microsoft Visual Studio Solution File, Format Version 12.00
# Visual Studio Version 16
VisualStudioVersion = 16.0.29905.134
MinimumVisualStudioVersion = 10.0.40219.1
Project("{FAE04EC0-301F-11D3-BF4B-00C04F79EFBC}") = "S6.CAP83_Exercicio_fixacao(conjunto)", "S6.CAP83_Exercicio_fixacao(conjunto)\S6.CAP83_Exercicio_fixacao(conjunto).csproj", "{9CF15415-AEBC-460B-8508-C79FC3980D17}"
EndProject
Global
	GlobalSection(SolutionConfigurationPlatforms) = preSolution
		Debug|Any CPU = Debug|Any CPU
		Release|Any CPU = Release|Any CPU
	EndGlobalSection
	GlobalSection(ProjectConfigurationPlatforms) = postSolution
		{9CF15415-AEBC-460B-8508-C79FC3980D17}.Debug|Any CPU.ActiveCfg = Debug|Any CPU
		{9CF15415-AEBC-460B-8508-C79FC3980D17}.Debug|Any CPU.Build.0 = Debug|Any CPU
		{9CF15415-AEBC-460B-8508-C79FC3980D17}.Release|Any CPU.ActiveCfg = Release|Any CPU
		{9CF15415-AEBC-460B-8508-C79FC3980D17}.Release|Any CPU.Build.0 = Release|Any CPU
	EndGlobalSection
	GlobalSection(SolutionProperties) = preSolution
		HideSolutionNode = FALSE
	EndGlobalSection
	GlobalSection(ExtensibilityGlobals) = postSolution
		SolutionGuid = {8B432B81-6070-4094-A01F-97AE18673B31}
	EndGlobalSection
EndGlobal
